{
  "name": "reactivities",
  "lockfileVersion": 2,
  "requires": true,
  "packages": {
    "": {
      "dependencies": {
        "@types/react-calendar": "^3.1.4"
      }
    },
    "node_modules/@types/react-calendar": {
      "version": "3.1.4",
      "resolved": "https://registry.npmjs.org/@types/react-calendar/-/react-calendar-3.1.4.tgz",
      "integrity": "sha512-7yDdyPnNaKqOIp97NmPhDxaXb7pBSag+pYWBtt+vBJyyqqiMMtXzv5bdEWjVN7AWmfWdmzGsP8kg+TzvGvwwQg=="
    }
  },
  "dependencies": {
    "@types/react-calendar": {
      "version": "3.1.4",
      "resolved": "https://registry.npmjs.org/@types/react-calendar/-/react-calendar-3.1.4.tgz",
      "integrity": "sha512-7yDdyPnNaKqOIp97NmPhDxaXb7pBSag+pYWBtt+vBJyyqqiMMtXzv5bdEWjVN7AWmfWdmzGsP8kg+TzvGvwwQg=="
    }
  }
}
